
Microsoft Visual Studio Solution File, Format Version 12.00
# Visual Studio Version 17
VisualStudioVersion = 17.5.002.0
MinimumVisualStudioVersion = 10.0.40219.1
Project("{2150E333-8FDC-42A3-9474-1A3956D46DE8}") = "csharp-prep", "csharp-prep", "{C06D7FB0-6386-44E3-8037-0F85B4A5B7CE}"
EndProject
Project("{9A19103F-16F7-4668-BE54-9A1E7A4F7556}") = "Prep1", "csharp-prep\Prep1\Prep1.csproj", "{8B468080-C02D-4689-934A-A3B68F2326DA}"
EndProject
Project("{9A19103F-16F7-4668-BE54-9A1E7A4F7556}") = "Prep2", "csharp-prep\Prep2\Prep2.csproj", "{B4828C8C-8CB6-4211-A9B1-A5BE3BB64B79}"
EndProject
Project("{9A19103F-16F7-4668-BE54-9A1E7A4F7556}") = "Prep3", "csharp-prep\Prep3\Prep3.csproj", "{AC3CA40F-47AB-4EC1-979F-C68107197E41}"
EndProject
Project("{9A19103F-16F7-4668-BE54-9A1E7A4F7556}") = "Prep4", "csharp-prep\Prep4\Prep4.csproj", "{F2356687-C077-498A-AE66-CB446A9EC60D}"
EndProject
Project("{9A19103F-16F7-4668-BE54-9A1E7A4F7556}") = "Prep5", "csharp-prep\Prep5\Prep5.csproj", "{B1E08A0D-8E44-4560-9CC0-DB14AEBCF72A}"
EndProject
Project("{2150E333-8FDC-42A3-9474-1A3956D46DE8}") = "final", "final", "{49190777-5D12-435D-BEAE-7188B643A0A5}"
EndProject
Project("{9A19103F-16F7-4668-BE54-9A1E7A4F7556}") = "FinalProject", "final\FinalProject\FinalProject.csproj", "{3829DBEB-2729-49CE-B4EE-4D710F5578BC}"
EndProject
Project("{9A19103F-16F7-4668-BE54-9A1E7A4F7556}") = "Foundation1", "final\Foundation1\Foundation1.csproj", "{CFB6D7EC-C9B4-4089-B649-05DAC1550C7B}"
EndProject
Project("{9A19103F-16F7-4668-BE54-9A1E7A4F7556}") = "Foundation2", "final\Foundation2\Foundation2.csproj", "{6ED853BA-B0E1-4277-95DC-291F9918C496}"
EndProject
Project("{9A19103F-16F7-4668-BE54-9A1E7A4F7556}") = "Foundation3", "final\Foundation3\Foundation3.csproj", "{8AFE0BAA-F9ED-4418-A21D-26633616A38C}"
EndProject
Project("{9A19103F-16F7-4668-BE54-9A1E7A4F7556}") = "Foundation4", "final\Foundation4\Foundation4.csproj", "{FDFBE415-A96C-4BA9-9C0D-66DC1D74EE3C}"
EndProject
Project("{2150E333-8FDC-42A3-9474-1A3956D46DE8}") = "prepare", "prepare", "{44EF9DDD-C725-47B7-9928-4E662D658AD1}"
EndProject
Project("{9A19103F-16F7-4668-BE54-9A1E7A4F7556}") = "Learning02", "prepare\Learning02\Learning02.csproj", "{21244F62-6E36-4602-9F8F-39EC2BCF5201}"
EndProject
Project("{9A19103F-16F7-4668-BE54-9A1E7A4F7556}") = "Learning03", "prepare\Learning03\Learning03.csproj", "{A454703B-A156-4FA8-9D0B-E0F5B0863702}"
EndProject
Project("{9A19103F-16F7-4668-BE54-9A1E7A4F7556}") = "Learning04", "prepare\Learning04\Learning04.csproj", "{45579AF7-6CC3-4C22-AB51-84DE6EA814CE}"
EndProject
Project("{9A19103F-16F7-4668-BE54-9A1E7A4F7556}") = "Learning05", "prepare\Learning05\Learning05.csproj", "{20CFAB13-0D50-4261-B42F-812A4C416326}"
EndProject
Project("{2150E333-8FDC-42A3-9474-1A3956D46DE8}") = "prove", "prove", "{8811725C-7DE1-4661-A9F6-D4E4A530CE1A}"
EndProject
Project("{9A19103F-16F7-4668-BE54-9A1E7A4F7556}") = "Develop02", "prove\Develop02\Develop02.csproj", "{9EB91C60-8836-4222-B48C-5F73FB51BF58}"
EndProject
Project("{9A19103F-16F7-4668-BE54-9A1E7A4F7556}") = "Develop03", "prove\Develop03\Develop03.csproj", "{9EF13151-CD57-4AF4-B4DB-50B16293C885}"
EndProject
Project("{9A19103F-16F7-4668-BE54-9A1E7A4F7556}") = "Develop04", "prove\Develop04\Develop04.csproj", "{A5ED7F3F-1C73-4068-A469-97B0ECE3C645}"
EndProject
Project("{9A19103F-16F7-4668-BE54-9A1E7A4F7556}") = "Develop05", "prove\Develop05\Develop05.csproj", "{F06CBDB1-897C-4FE9-AD4C-EFCB4D0FFBEF}"
EndProject
Project("{2150E333-8FDC-42A3-9474-1A3956D46DE8}") = "sandbox", "sandbox", "{927A8533-610F-467A-82FC-2D450F8900C9}"
EndProject
Project("{9A19103F-16F7-4668-BE54-9A1E7A4F7556}") = "Sandbox", "sandbox\Sandbox\Sandbox.csproj", "{6F0477EE-0044-4ACC-BC5B-8266713CB900}"
EndProject
Global
	GlobalSection(SolutionConfigurationPlatforms) = preSolution
		Debug|Any CPU = Debug|Any CPU
		Release|Any CPU = Release|Any CPU
	EndGlobalSection
	GlobalSection(ProjectConfigurationPlatforms) = postSolution
		{8B468080-C02D-4689-934A-A3B68F2326DA}.Debug|Any CPU.ActiveCfg = Debug|Any CPU
		{8B468080-C02D-4689-934A-A3B68F2326DA}.Debug|Any CPU.Build.0 = Debug|Any CPU
		{8B468080-C02D-4689-934A-A3B68F2326DA}.Release|Any CPU.ActiveCfg = Release|Any CPU
		{8B468080-C02D-4689-934A-A3B68F2326DA}.Release|Any CPU.Build.0 = Release|Any CPU
		{B4828C8C-8CB6-4211-A9B1-A5BE3BB64B79}.Debug|Any CPU.ActiveCfg = Debug|Any CPU
		{B4828C8C-8CB6-4211-A9B1-A5BE3BB64B79}.Debug|Any CPU.Build.0 = Debug|Any CPU
		{B4828C8C-8CB6-4211-A9B1-A5BE3BB64B79}.Release|Any CPU.ActiveCfg = Release|Any CPU
		{B4828C8C-8CB6-4211-A9B1-A5BE3BB64B79}.Release|Any CPU.Build.0 = Release|Any CPU
		{AC3CA40F-47AB-4EC1-979F-C68107197E41}.Debug|Any CPU.ActiveCfg = Debug|Any CPU
		{AC3CA40F-47AB-4EC1-979F-C68107197E41}.Debug|Any CPU.Build.0 = Debug|Any CPU
		{AC3CA40F-47AB-4EC1-979F-C68107197E41}.Release|Any CPU.ActiveCfg = Release|Any CPU
		{AC3CA40F-47AB-4EC1-979F-C68107197E41}.Release|Any CPU.Build.0 = Release|Any CPU
		{F2356687-C077-498A-AE66-CB446A9EC60D}.Debug|Any CPU.ActiveCfg = Debug|Any CPU
		{F2356687-C077-498A-AE66-CB446A9EC60D}.Debug|Any CPU.Build.0 = Debug|Any CPU
		{F2356687-C077-498A-AE66-CB446A9EC60D}.Release|Any CPU.ActiveCfg = Release|Any CPU
		{F2356687-C077-498A-AE66-CB446A9EC60D}.Release|Any CPU.Build.0 = Release|Any CPU
		{B1E08A0D-8E44-4560-9CC0-DB14AEBCF72A}.Debug|Any CPU.ActiveCfg = Debug|Any CPU
		{B1E08A0D-8E44-4560-9CC0-DB14AEBCF72A}.Debug|Any CPU.Build.0 = Debug|Any CPU
		{B1E08A0D-8E44-4560-9CC0-DB14AEBCF72A}.Release|Any CPU.ActiveCfg = Release|Any CPU
		{B1E08A0D-8E44-4560-9CC0-DB14AEBCF72A}.Release|Any CPU.Build.0 = Release|Any CPU
		{3829DBEB-2729-49CE-B4EE-4D710F5578BC}.Debug|Any CPU.ActiveCfg = Debug|Any CPU
		{3829DBEB-2729-49CE-B4EE-4D710F5578BC}.Debug|Any CPU.Build.0 = Debug|Any CPU
		{3829DBEB-2729-49CE-B4EE-4D710F5578BC}.Release|Any CPU.ActiveCfg = Release|Any CPU
		{3829DBEB-2729-49CE-B4EE-4D710F5578BC}.Release|Any CPU.Build.0 = Release|Any CPU
		{CFB6D7EC-C9B4-4089-B649-05DAC1550C7B}.Debug|Any CPU.ActiveCfg = Debug|Any CPU
		{CFB6D7EC-C9B4-4089-B649-05DAC1550C7B}.Debug|Any CPU.Build.0 = Debug|Any CPU
		{CFB6D7EC-C9B4-4089-B649-05DAC1550C7B}.Release|Any CPU.ActiveCfg = Release|Any CPU
		{CFB6D7EC-C9B4-4089-B649-05DAC1550C7B}.Release|Any CPU.Build.0 = Release|Any CPU
		{6ED853BA-B0E1-4277-95DC-291F9918C496}.Debug|Any CPU.ActiveCfg = Debug|Any CPU
		{6ED853BA-B0E1-4277-95DC-291F9918C496}.Debug|Any CPU.Build.0 = Debug|Any CPU
		{6ED853BA-B0E1-4277-95DC-291F9918C496}.Release|Any CPU.ActiveCfg = Release|Any CPU
		{6ED853BA-B0E1-4277-95DC-291F9918C496}.Release|Any CPU.Build.0 = Release|Any CPU
		{8AFE0BAA-F9ED-4418-A21D-26633616A38C}.Debug|Any CPU.ActiveCfg = Debug|Any CPU
		{8AFE0BAA-F9ED-4418-A21D-26633616A38C}.Debug|Any CPU.Build.0 = Debug|Any CPU
		{8AFE0BAA-F9ED-4418-A21D-26633616A38C}.Release|Any CPU.ActiveCfg = Release|Any CPU
		{8AFE0BAA-F9ED-4418-A21D-26633616A38C}.Release|Any CPU.Build.0 = Release|Any CPU
		{FDFBE415-A96C-4BA9-9C0D-66DC1D74EE3C}.Debug|Any CPU.ActiveCfg = Debug|Any CPU
		{FDFBE415-A96C-4BA9-9C0D-66DC1D74EE3C}.Debug|Any CPU.Build.0 = Debug|Any CPU
		{FDFBE415-A96C-4BA9-9C0D-66DC1D74EE3C}.Release|Any CPU.ActiveCfg = Release|Any CPU
		{FDFBE415-A96C-4BA9-9C0D-66DC1D74EE3C}.Release|Any CPU.Build.0 = Release|Any CPU
		{21244F62-6E36-4602-9F8F-39EC2BCF5201}.Debug|Any CPU.ActiveCfg = Debug|Any CPU
		{21244F62-6E36-4602-9F8F-39EC2BCF5201}.Debug|Any CPU.Build.0 = Debug|Any CPU
		{21244F62-6E36-4602-9F8F-39EC2BCF5201}.Release|Any CPU.ActiveCfg = Release|Any CPU
		{21244F62-6E36-4602-9F8F-39EC2BCF5201}.Release|Any CPU.Build.0 = Release|Any CPU
		{A454703B-A156-4FA8-9D0B-E0F5B0863702}.Debug|Any CPU.ActiveCfg = Debug|Any CPU
		{A454703B-A156-4FA8-9D0B-E0F5B0863702}.Debug|Any CPU.Build.0 = Debug|Any CPU
		{A454703B-A156-4FA8-9D0B-E0F5B0863702}.Release|Any CPU.ActiveCfg = Release|Any CPU
		{A454703B-A156-4FA8-9D0B-E0F5B0863702}.Release|Any CPU.Build.0 = Release|Any CPU
		{45579AF7-6CC3-4C22-AB51-84DE6EA814CE}.Debug|Any CPU.ActiveCfg = Debug|Any CPU
		{45579AF7-6CC3-4C22-AB51-84DE6EA814CE}.Debug|Any CPU.Build.0 = Debug|Any CPU
		{45579AF7-6CC3-4C22-AB51-84DE6EA814CE}.Release|Any CPU.ActiveCfg = Release|Any CPU
		{45579AF7-6CC3-4C22-AB51-84DE6EA814CE}.Release|Any CPU.Build.0 = Release|Any CPU
		{20CFAB13-0D50-4261-B42F-812A4C416326}.Debug|Any CPU.ActiveCfg = Debug|Any CPU
		{20CFAB13-0D50-4261-B42F-812A4C416326}.Debug|Any CPU.Build.0 = Debug|Any CPU
		{20CFAB13-0D50-4261-B42F-812A4C416326}.Release|Any CPU.ActiveCfg = Release|Any CPU
		{20CFAB13-0D50-4261-B42F-812A4C416326}.Release|Any CPU.Build.0 = Release|Any CPU
		{9EB91C60-8836-4222-B48C-5F73FB51BF58}.Debug|Any CPU.ActiveCfg = Debug|Any CPU
		{9EB91C60-8836-4222-B48C-5F73FB51BF58}.Debug|Any CPU.Build.0 = Debug|Any CPU
		{9EB91C60-8836-4222-B48C-5F73FB51BF58}.Release|Any CPU.ActiveCfg = Release|Any CPU
		{9EB91C60-8836-4222-B48C-5F73FB51BF58}.Release|Any CPU.Build.0 = Release|Any CPU
		{9EF13151-CD57-4AF4-B4DB-50B16293C885}.Debug|Any CPU.ActiveCfg = Debug|Any CPU
		{9EF13151-CD57-4AF4-B4DB-50B16293C885}.Debug|Any CPU.Build.0 = Debug|Any CPU
		{9EF13151-CD57-4AF4-B4DB-50B16293C885}.Release|Any CPU.ActiveCfg = Release|Any CPU
		{9EF13151-CD57-4AF4-B4DB-50B16293C885}.Release|Any CPU.Build.0 = Release|Any CPU
		{A5ED7F3F-1C73-4068-A469-97B0ECE3C645}.Debug|Any CPU.ActiveCfg = Debug|Any CPU
		{A5ED7F3F-1C73-4068-A469-97B0ECE3C645}.Debug|Any CPU.Build.0 = Debug|Any CPU
		{A5ED7F3F-1C73-4068-A469-97B0ECE3C645}.Release|Any CPU.ActiveCfg = Release|Any CPU
		{A5ED7F3F-1C73-4068-A469-97B0ECE3C645}.Release|Any CPU.Build.0 = Release|Any CPU
		{F06CBDB1-897C-4FE9-AD4C-EFCB4D0FFBEF}.Debug|Any CPU.ActiveCfg = Debug|Any CPU
		{F06CBDB1-897C-4FE9-AD4C-EFCB4D0FFBEF}.Debug|Any CPU.Build.0 = Debug|Any CPU
		{F06CBDB1-897C-4FE9-AD4C-EFCB4D0FFBEF}.Release|Any CPU.ActiveCfg = Release|Any CPU
		{F06CBDB1-897C-4FE9-AD4C-EFCB4D0FFBEF}.Release|Any CPU.Build.0 = Release|Any CPU
		{6F0477EE-0044-4ACC-BC5B-8266713CB900}.Debug|Any CPU.ActiveCfg = Debug|Any CPU
		{6F0477EE-0044-4ACC-BC5B-8266713CB900}.Debug|Any CPU.Build.0 = Debug|Any CPU
		{6F0477EE-0044-4ACC-BC5B-8266713CB900}.Release|Any CPU.ActiveCfg = Release|Any CPU
		{6F0477EE-0044-4ACC-BC5B-8266713CB900}.Release|Any CPU.Build.0 = Release|Any CPU
	EndGlobalSection
	GlobalSection(SolutionProperties) = preSolution
		HideSolutionNode = FALSE
	EndGlobalSection
	GlobalSection(NestedProjects) = preSolution
		{8B468080-C02D-4689-934A-A3B68F2326DA} = {C06D7FB0-6386-44E3-8037-0F85B4A5B7CE}
		{B4828C8C-8CB6-4211-A9B1-A5BE3BB64B79} = {C06D7FB0-6386-44E3-8037-0F85B4A5B7CE}
		{AC3CA40F-47AB-4EC1-979F-C68107197E41} = {C06D7FB0-6386-44E3-8037-0F85B4A5B7CE}
		{F2356687-C077-498A-AE66-CB446A9EC60D} = {C06D7FB0-6386-44E3-8037-0F85B4A5B7CE}
		{B1E08A0D-8E44-4560-9CC0-DB14AEBCF72A} = {C06D7FB0-6386-44E3-8037-0F85B4A5B7CE}
		{3829DBEB-2729-49CE-B4EE-4D710F5578BC} = {49190777-5D12-435D-BEAE-7188B643A0A5}
		{CFB6D7EC-C9B4-4089-B649-05DAC1550C7B} = {49190777-5D12-435D-BEAE-7188B643A0A5}
		{6ED853BA-B0E1-4277-95DC-291F9918C496} = {49190777-5D12-435D-BEAE-7188B643A0A5}
		{8AFE0BAA-F9ED-4418-A21D-26633616A38C} = {49190777-5D12-435D-BEAE-7188B643A0A5}
		{FDFBE415-A96C-4BA9-9C0D-66DC1D74EE3C} = {49190777-5D12-435D-BEAE-7188B643A0A5}
		{21244F62-6E36-4602-9F8F-39EC2BCF5201} = {44EF9DDD-C725-47B7-9928-4E662D658AD1}
		{A454703B-A156-4FA8-9D0B-E0F5B0863702} = {44EF9DDD-C725-47B7-9928-4E662D658AD1}
		{45579AF7-6CC3-4C22-AB51-84DE6EA814CE} = {44EF9DDD-C725-47B7-9928-4E662D658AD1}
		{20CFAB13-0D50-4261-B42F-812A4C416326} = {44EF9DDD-C725-47B7-9928-4E662D658AD1}
		{9EB91C60-8836-4222-B48C-5F73FB51BF58} = {8811725C-7DE1-4661-A9F6-D4E4A530CE1A}
		{9EF13151-CD57-4AF4-B4DB-50B16293C885} = {8811725C-7DE1-4661-A9F6-D4E4A530CE1A}
		{A5ED7F3F-1C73-4068-A469-97B0ECE3C645} = {8811725C-7DE1-4661-A9F6-D4E4A530CE1A}
		{F06CBDB1-897C-4FE9-AD4C-EFCB4D0FFBEF} = {8811725C-7DE1-4661-A9F6-D4E4A530CE1A}
		{6F0477EE-0044-4ACC-BC5B-8266713CB900} = {927A8533-610F-467A-82FC-2D450F8900C9}
	EndGlobalSection
	GlobalSection(ExtensibilityGlobals) = postSolution
		SolutionGuid = {E4789631-3A8C-4C31-A2E9-6D7A5540860A}
	EndGlobalSection
EndGlobal
